
Microsoft Visual Studio Solution File, Format Version 12.00
# Visual Studio Version 17
VisualStudioVersion = 17.1.32328.378
MinimumVisualStudioVersion = 10.0.40219.1
Project("{FAE04EC0-301F-11D3-BF4B-00C04F79EFBC}") = "StudentAPI", "StudentAPI\StudentAPI.csproj", "{29C76288-81AE-4245-B639-A3B2E17724D2}"
EndProject
Global
	GlobalSection(SolutionConfigurationPlatforms) = preSolution
		Debug|Any CPU = Debug|Any CPU
		Release|Any CPU = Release|Any CPU
	EndGlobalSection
	GlobalSection(ProjectConfigurationPlatforms) = postSolution
		{29C76288-81AE-4245-B639-A3B2E17724D2}.Debug|Any CPU.ActiveCfg = Debug|Any CPU
		{29C76288-81AE-4245-B639-A3B2E17724D2}.Debug|Any CPU.Build.0 = Debug|Any CPU
		{29C76288-81AE-4245-B639-A3B2E17724D2}.Release|Any CPU.ActiveCfg = Release|Any CPU
		{29C76288-81AE-4245-B639-A3B2E17724D2}.Release|Any CPU.Build.0 = Release|Any CPU
	EndGlobalSection
	GlobalSection(SolutionProperties) = preSolution
		HideSolutionNode = FALSE
	EndGlobalSection
	GlobalSection(ExtensibilityGlobals) = postSolution
		SolutionGuid = {D107F4CC-0866-4C5E-9998-012612578E28}
	EndGlobalSection
EndGlobal
